
Microsoft Visual Studio Solution File, Format Version 12.00
# Visual Studio 15
VisualStudioVersion = 15.0.27004.2005
MinimumVisualStudioVersion = 10.0.40219.1
Project("{FAE04EC0-301F-11D3-BF4B-00C04F79EFBC}") = "PacMan Bot", "PacMan Bot.csproj", "{630FD023-D56E-47C5-96DE-ADA18BECE5AA}"
EndProject
Global
	GlobalSection(SolutionConfigurationPlatforms) = preSolution
		Debug|Any CPU = Debug|Any CPU
		Release|Any CPU = Release|Any CPU
	EndGlobalSection
	GlobalSection(ProjectConfigurationPlatforms) = postSolution
		{630FD023-D56E-47C5-96DE-ADA18BECE5AA}.Debug|Any CPU.ActiveCfg = Debug|Any CPU
		{630FD023-D56E-47C5-96DE-ADA18BECE5AA}.Debug|Any CPU.Build.0 = Debug|Any CPU
		{630FD023-D56E-47C5-96DE-ADA18BECE5AA}.Release|Any CPU.ActiveCfg = Release|Any CPU
		{630FD023-D56E-47C5-96DE-ADA18BECE5AA}.Release|Any CPU.Build.0 = Release|Any CPU
	EndGlobalSection
	GlobalSection(SolutionProperties) = preSolution
		HideSolutionNode = FALSE
	EndGlobalSection
	GlobalSection(ExtensibilityGlobals) = postSolution
		SolutionGuid = {0744D768-E05C-4466-B29F-78BE3CD17EBA}
	EndGlobalSection
EndGlobal
